
Microsoft Visual Studio Solution File, Format Version 12.00
# Visual Studio Version 17
VisualStudioVersion = 17.5.33530.505
MinimumVisualStudioVersion = 10.0.40219.1
Project("{9A19103F-16F7-4668-BE54-9A1E7A4F7556}") = "BlazorApp", "BlazorApp\BlazorApp.csproj", "{61642C42-8DDF-446A-9910-1F6B5710A614}"
EndProject
Project("{9A19103F-16F7-4668-BE54-9A1E7A4F7556}") = "MediatRLib", "MediatRLib\MediatRLib.csproj", "{B7755246-B002-481F-B403-BB51568BD1D7}"
EndProject
Project("{FAE04EC0-301F-11D3-BF4B-00C04F79EFBC}") = "MediatRAPI", "MediatRAPI\MediatRAPI.csproj", "{8A563177-1550-4635-AE02-B06C4400ADC8}"
EndProject
Global
	GlobalSection(SolutionConfigurationPlatforms) = preSolution
		Debug|Any CPU = Debug|Any CPU
		Release|Any CPU = Release|Any CPU
	EndGlobalSection
	GlobalSection(ProjectConfigurationPlatforms) = postSolution
		{61642C42-8DDF-446A-9910-1F6B5710A614}.Debug|Any CPU.ActiveCfg = Debug|Any CPU
		{61642C42-8DDF-446A-9910-1F6B5710A614}.Debug|Any CPU.Build.0 = Debug|Any CPU
		{61642C42-8DDF-446A-9910-1F6B5710A614}.Release|Any CPU.ActiveCfg = Release|Any CPU
		{61642C42-8DDF-446A-9910-1F6B5710A614}.Release|Any CPU.Build.0 = Release|Any CPU
		{B7755246-B002-481F-B403-BB51568BD1D7}.Debug|Any CPU.ActiveCfg = Debug|Any CPU
		{B7755246-B002-481F-B403-BB51568BD1D7}.Debug|Any CPU.Build.0 = Debug|Any CPU
		{B7755246-B002-481F-B403-BB51568BD1D7}.Release|Any CPU.ActiveCfg = Release|Any CPU
		{B7755246-B002-481F-B403-BB51568BD1D7}.Release|Any CPU.Build.0 = Release|Any CPU
		{8A563177-1550-4635-AE02-B06C4400ADC8}.Debug|Any CPU.ActiveCfg = Debug|Any CPU
		{8A563177-1550-4635-AE02-B06C4400ADC8}.Debug|Any CPU.Build.0 = Debug|Any CPU
		{8A563177-1550-4635-AE02-B06C4400ADC8}.Release|Any CPU.ActiveCfg = Release|Any CPU
		{8A563177-1550-4635-AE02-B06C4400ADC8}.Release|Any CPU.Build.0 = Release|Any CPU
	EndGlobalSection
	GlobalSection(SolutionProperties) = preSolution
		HideSolutionNode = FALSE
	EndGlobalSection
	GlobalSection(ExtensibilityGlobals) = postSolution
		SolutionGuid = {F7F58271-67B8-4C2B-A448-485FDA314261}
	EndGlobalSection
EndGlobal
